
Microsoft Visual Studio Solution File, Format Version 12.00
# Visual Studio Version 17
VisualStudioVersion = 17.1.32210.238
MinimumVisualStudioVersion = 10.0.40219.1
Project("{9A19103F-16F7-4668-BE54-9A1E7A4F7556}") = "PcgTools Application", "KorgKronosTools\PcgTools Application.csproj", "{2AB7ED69-FFF0-45AA-B306-56E192BCF68A}"
EndProject
Project("{9A19103F-16F7-4668-BE54-9A1E7A4F7556}") = "PcgTools _UnitTests", "PCG Tools Unittests\PcgTools _UnitTests.csproj", "{C398A416-8FFA-4877-9DAD-E2D666158CAE}"
	ProjectSection(ProjectDependencies) = postProject
		{E6272032-6642-4948-9C08-7100C5509EE7} = {E6272032-6642-4948-9C08-7100C5509EE7}
		{1C31C0C2-2B5C-4E43-AF9B-11AEE31671EF} = {1C31C0C2-2B5C-4E43-AF9B-11AEE31671EF}
	EndProjectSection
EndProject
Project("{9A19103F-16F7-4668-BE54-9A1E7A4F7556}") = "Common", "Common\Common.csproj", "{1C31C0C2-2B5C-4E43-AF9B-11AEE31671EF}"
EndProject
Project("{9A19103F-16F7-4668-BE54-9A1E7A4F7556}") = "WPF.MDI", "WPF.MDI\WPF.MDI.csproj", "{E6272032-6642-4948-9C08-7100C5509EE7}"
EndProject
Project("{9A19103F-16F7-4668-BE54-9A1E7A4F7556}") = "ExternalUtilities", "ExternalUtilities\ExternalUtilities.csproj", "{42AB8456-1C8C-4FA2-A007-C7745A251005}"
EndProject
Project("{9A19103F-16F7-4668-BE54-9A1E7A4F7556}") = "PatchDbBackEnd", "PatchDatabaseBackEnd\PatchDbBackEnd.csproj", "{064064AA-F167-4BF7-A83A-1E82E68895EE}"
EndProject
Project("{9A19103F-16F7-4668-BE54-9A1E7A4F7556}") = "PatchDbFrontEnd", "PatchDbFrontEnd\PatchDbFrontEnd.csproj", "{CDF05B30-2AD0-4D06-8117-695FEA067964}"
EndProject
Project("{2150E333-8FDC-42A3-9474-1A3956D46DE8}") = "Installation", "Installation", "{A2499352-B10A-438B-9E97-7E2FB3F1AE56}"
	ProjectSection(SolutionItems) = preProject
		Installation\PCG Tools.aip = Installation\PCG Tools.aip
	EndProjectSection
EndProject
Project("{2150E333-8FDC-42A3-9474-1A3956D46DE8}") = "Documentation", "Documentation", "{AF044B5B-17D8-4CE9-8388-2DF221FD79B3}"
	ProjectSection(SolutionItems) = preProject
		Documentation\contact.html = Documentation\contact.html
		Documentation\Design.eap = Documentation\Design.eap
		Documentation\Documentation.vcxproj = Documentation\Documentation.vcxproj
		Documentation\Documentation.vcxproj.filters = Documentation\Documentation.vcxproj.filters
		Documentation\EULA.rtf = Documentation\EULA.rtf
		Documentation\GoogleDocsStringIds.xlsx = Documentation\GoogleDocsStringIds.xlsx
		Documentation\History.txt = Documentation\History.txt
		Documentation\Interfaces.txt = Documentation\Interfaces.txt
		Documentation\Manual - Copy.docx = Documentation\Manual - Copy.docx
		Documentation\Manual.docx = Documentation\Manual.docx
		Documentation\Manual.pdf = Documentation\Manual.pdf
		Documentation\Menu.txt = Documentation\Menu.txt
		Documentation\NewCutCopyPasteSettings.pdf = Documentation\NewCutCopyPasteSettings.pdf
		Documentation\Notes.txt = Documentation\Notes.txt
		Documentation\PCG Structure Kronos.txt = Documentation\PCG Structure Kronos.txt
		Documentation\PCG Structure M3.txt = Documentation\PCG Structure M3.txt
		Documentation\PCG Structure N264.txt = Documentation\PCG Structure N264.txt
		Documentation\PCG Structure Oasys.txt = Documentation\PCG Structure Oasys.txt
		Documentation\PCG Structure Wavestation.txt = Documentation\PCG Structure Wavestation.txt
		Documentation\readme.txt = Documentation\readme.txt
		Documentation\ResourceStringProblems.txt = Documentation\ResourceStringProblems.txt
		Documentation\SNG Structure Kronos.txt = Documentation\SNG Structure Kronos.txt
		Documentation\wpfmdi_license.txt = Documentation\wpfmdi_license.txt
	EndProjectSection
EndProject
Project("{9A19103F-16F7-4668-BE54-9A1E7A4F7556}") = "Domain", "Domain\Domain.csproj", "{17CB7B04-37A2-4178-B706-71ECBA52F772}"
EndProject
Project("{FAE04EC0-301F-11D3-BF4B-00C04F79EFBC}") = "BlazorPCGTools", "BlazorPCGTools\BlazorPCGTools.csproj", "{58AB962F-7D38-4BFD-8785-4483567EA363}"
EndProject
Global
	GlobalSection(SolutionConfigurationPlatforms) = preSolution
		CD_ROM|Any CPU = CD_ROM|Any CPU
		CD_ROM|Mixed Platforms = CD_ROM|Mixed Platforms
		CD_ROM|Win32 = CD_ROM|Win32
		CD_ROM|x64 = CD_ROM|x64
		CD_ROM|x86 = CD_ROM|x86
		Debug|Any CPU = Debug|Any CPU
		Debug|Mixed Platforms = Debug|Mixed Platforms
		Debug|Win32 = Debug|Win32
		Debug|x64 = Debug|x64
		Debug|x86 = Debug|x86
		DVD-5|Any CPU = DVD-5|Any CPU
		DVD-5|Mixed Platforms = DVD-5|Mixed Platforms
		DVD-5|Win32 = DVD-5|Win32
		DVD-5|x64 = DVD-5|x64
		DVD-5|x86 = DVD-5|x86
		Release|Any CPU = Release|Any CPU
		Release|Mixed Platforms = Release|Mixed Platforms
		Release|Win32 = Release|Win32
		Release|x64 = Release|x64
		Release|x86 = Release|x86
		SingleImage|Any CPU = SingleImage|Any CPU
		SingleImage|Mixed Platforms = SingleImage|Mixed Platforms
		SingleImage|Win32 = SingleImage|Win32
		SingleImage|x64 = SingleImage|x64
		SingleImage|x86 = SingleImage|x86
	EndGlobalSection
	GlobalSection(ProjectConfigurationPlatforms) = postSolution
		{2AB7ED69-FFF0-45AA-B306-56E192BCF68A}.CD_ROM|Any CPU.ActiveCfg = Release|Any CPU
		{2AB7ED69-FFF0-45AA-B306-56E192BCF68A}.CD_ROM|Any CPU.Build.0 = Release|Any CPU
		{2AB7ED69-FFF0-45AA-B306-56E192BCF68A}.CD_ROM|Mixed Platforms.ActiveCfg = Release|Any CPU
		{2AB7ED69-FFF0-45AA-B306-56E192BCF68A}.CD_ROM|Mixed Platforms.Build.0 = Release|Any CPU
		{2AB7ED69-FFF0-45AA-B306-56E192BCF68A}.CD_ROM|Win32.ActiveCfg = Debug|Any CPU
		{2AB7ED69-FFF0-45AA-B306-56E192BCF68A}.CD_ROM|x64.ActiveCfg = Release|x64
		{2AB7ED69-FFF0-45AA-B306-56E192BCF68A}.CD_ROM|x64.Build.0 = Release|x64
		{2AB7ED69-FFF0-45AA-B306-56E192BCF68A}.CD_ROM|x86.ActiveCfg = Release|Any CPU
		{2AB7ED69-FFF0-45AA-B306-56E192BCF68A}.Debug|Any CPU.ActiveCfg = Debug|Any CPU
		{2AB7ED69-FFF0-45AA-B306-56E192BCF68A}.Debug|Any CPU.Build.0 = Debug|Any CPU
		{2AB7ED69-FFF0-45AA-B306-56E192BCF68A}.Debug|Mixed Platforms.ActiveCfg = Debug|Any CPU
		{2AB7ED69-FFF0-45AA-B306-56E192BCF68A}.Debug|Mixed Platforms.Build.0 = Debug|Any CPU
		{2AB7ED69-FFF0-45AA-B306-56E192BCF68A}.Debug|Win32.ActiveCfg = Debug|Any CPU
		{2AB7ED69-FFF0-45AA-B306-56E192BCF68A}.Debug|x64.ActiveCfg = Debug|x64
		{2AB7ED69-FFF0-45AA-B306-56E192BCF68A}.Debug|x64.Build.0 = Debug|x64
		{2AB7ED69-FFF0-45AA-B306-56E192BCF68A}.Debug|x86.ActiveCfg = Debug|x64
		{2AB7ED69-FFF0-45AA-B306-56E192BCF68A}.DVD-5|Any CPU.ActiveCfg = Debug|Any CPU
		{2AB7ED69-FFF0-45AA-B306-56E192BCF68A}.DVD-5|Any CPU.Build.0 = Debug|Any CPU
		{2AB7ED69-FFF0-45AA-B306-56E192BCF68A}.DVD-5|Mixed Platforms.ActiveCfg = Debug|Any CPU
		{2AB7ED69-FFF0-45AA-B306-56E192BCF68A}.DVD-5|Mixed Platforms.Build.0 = Debug|Any CPU
		{2AB7ED69-FFF0-45AA-B306-56E192BCF68A}.DVD-5|Win32.ActiveCfg = Debug|Any CPU
		{2AB7ED69-FFF0-45AA-B306-56E192BCF68A}.DVD-5|x64.ActiveCfg = Debug|x64
		{2AB7ED69-FFF0-45AA-B306-56E192BCF68A}.DVD-5|x64.Build.0 = Debug|x64
		{2AB7ED69-FFF0-45AA-B306-56E192BCF68A}.DVD-5|x86.ActiveCfg = Debug|Any CPU
		{2AB7ED69-FFF0-45AA-B306-56E192BCF68A}.Release|Any CPU.ActiveCfg = Release|Any CPU
		{2AB7ED69-FFF0-45AA-B306-56E192BCF68A}.Release|Any CPU.Build.0 = Release|Any CPU
		{2AB7ED69-FFF0-45AA-B306-56E192BCF68A}.Release|Mixed Platforms.ActiveCfg = Release|Any CPU
		{2AB7ED69-FFF0-45AA-B306-56E192BCF68A}.Release|Mixed Platforms.Build.0 = Release|Any CPU
		{2AB7ED69-FFF0-45AA-B306-56E192BCF68A}.Release|Win32.ActiveCfg = Release|Any CPU
		{2AB7ED69-FFF0-45AA-B306-56E192BCF68A}.Release|x64.ActiveCfg = Release|x64
		{2AB7ED69-FFF0-45AA-B306-56E192BCF68A}.Release|x64.Build.0 = Release|x64
		{2AB7ED69-FFF0-45AA-B306-56E192BCF68A}.Release|x86.ActiveCfg = Release|x64
		{2AB7ED69-FFF0-45AA-B306-56E192BCF68A}.SingleImage|Any CPU.ActiveCfg = Release|Any CPU
		{2AB7ED69-FFF0-45AA-B306-56E192BCF68A}.SingleImage|Any CPU.Build.0 = Release|Any CPU
		{2AB7ED69-FFF0-45AA-B306-56E192BCF68A}.SingleImage|Mixed Platforms.ActiveCfg = Release|Any CPU
		{2AB7ED69-FFF0-45AA-B306-56E192BCF68A}.SingleImage|Mixed Platforms.Build.0 = Release|Any CPU
		{2AB7ED69-FFF0-45AA-B306-56E192BCF68A}.SingleImage|Win32.ActiveCfg = Debug|Any CPU
		{2AB7ED69-FFF0-45AA-B306-56E192BCF68A}.SingleImage|x64.ActiveCfg = Release|x64
		{2AB7ED69-FFF0-45AA-B306-56E192BCF68A}.SingleImage|x64.Build.0 = Release|x64
		{2AB7ED69-FFF0-45AA-B306-56E192BCF68A}.SingleImage|x86.ActiveCfg = Release|Any CPU
		{C398A416-8FFA-4877-9DAD-E2D666158CAE}.CD_ROM|Any CPU.ActiveCfg = Release|Any CPU
		{C398A416-8FFA-4877-9DAD-E2D666158CAE}.CD_ROM|Any CPU.Build.0 = Release|Any CPU
		{C398A416-8FFA-4877-9DAD-E2D666158CAE}.CD_ROM|Mixed Platforms.ActiveCfg = Release|Any CPU
		{C398A416-8FFA-4877-9DAD-E2D666158CAE}.CD_ROM|Mixed Platforms.Build.0 = Release|Any CPU
		{C398A416-8FFA-4877-9DAD-E2D666158CAE}.CD_ROM|Win32.ActiveCfg = Debug|Any CPU
		{C398A416-8FFA-4877-9DAD-E2D666158CAE}.CD_ROM|x64.ActiveCfg = Release|Any CPU
		{C398A416-8FFA-4877-9DAD-E2D666158CAE}.CD_ROM|x86.ActiveCfg = Release|Any CPU
		{C398A416-8FFA-4877-9DAD-E2D666158CAE}.Debug|Any CPU.ActiveCfg = Debug|Any CPU
		{C398A416-8FFA-4877-9DAD-E2D666158CAE}.Debug|Any CPU.Build.0 = Debug|Any CPU
		{C398A416-8FFA-4877-9DAD-E2D666158CAE}.Debug|Mixed Platforms.ActiveCfg = Debug|Any CPU
		{C398A416-8FFA-4877-9DAD-E2D666158CAE}.Debug|Mixed Platforms.Build.0 = Debug|Any CPU
		{C398A416-8FFA-4877-9DAD-E2D666158CAE}.Debug|Win32.ActiveCfg = Debug|Any CPU
		{C398A416-8FFA-4877-9DAD-E2D666158CAE}.Debug|x64.ActiveCfg = Debug|Any CPU
		{C398A416-8FFA-4877-9DAD-E2D666158CAE}.Debug|x86.ActiveCfg = Debug|Any CPU
		{C398A416-8FFA-4877-9DAD-E2D666158CAE}.Debug|x86.Build.0 = Debug|Any CPU
		{C398A416-8FFA-4877-9DAD-E2D666158CAE}.DVD-5|Any CPU.ActiveCfg = Debug|Any CPU
		{C398A416-8FFA-4877-9DAD-E2D666158CAE}.DVD-5|Any CPU.Build.0 = Debug|Any CPU
		{C398A416-8FFA-4877-9DAD-E2D666158CAE}.DVD-5|Mixed Platforms.ActiveCfg = Debug|Any CPU
		{C398A416-8FFA-4877-9DAD-E2D666158CAE}.DVD-5|Mixed Platforms.Build.0 = Debug|Any CPU
		{C398A416-8FFA-4877-9DAD-E2D666158CAE}.DVD-5|Win32.ActiveCfg = Debug|Any CPU
		{C398A416-8FFA-4877-9DAD-E2D666158CAE}.DVD-5|x64.ActiveCfg = Debug|Any CPU
		{C398A416-8FFA-4877-9DAD-E2D666158CAE}.DVD-5|x86.ActiveCfg = Debug|Any CPU
		{C398A416-8FFA-4877-9DAD-E2D666158CAE}.Release|Any CPU.ActiveCfg = Release|Any CPU
		{C398A416-8FFA-4877-9DAD-E2D666158CAE}.Release|Any CPU.Build.0 = Release|Any CPU
		{C398A416-8FFA-4877-9DAD-E2D666158CAE}.Release|Mixed Platforms.ActiveCfg = Release|Any CPU
		{C398A416-8FFA-4877-9DAD-E2D666158CAE}.Release|Mixed Platforms.Build.0 = Release|Any CPU
		{C398A416-8FFA-4877-9DAD-E2D666158CAE}.Release|Win32.ActiveCfg = Release|Any CPU
		{C398A416-8FFA-4877-9DAD-E2D666158CAE}.Release|x64.ActiveCfg = Release|Any CPU
		{C398A416-8FFA-4877-9DAD-E2D666158CAE}.Release|x86.ActiveCfg = Release|Any CPU
		{C398A416-8FFA-4877-9DAD-E2D666158CAE}.SingleImage|Any CPU.ActiveCfg = Release|Any CPU
		{C398A416-8FFA-4877-9DAD-E2D666158CAE}.SingleImage|Any CPU.Build.0 = Release|Any CPU
		{C398A416-8FFA-4877-9DAD-E2D666158CAE}.SingleImage|Mixed Platforms.ActiveCfg = Release|Any CPU
		{C398A416-8FFA-4877-9DAD-E2D666158CAE}.SingleImage|Mixed Platforms.Build.0 = Release|Any CPU
		{C398A416-8FFA-4877-9DAD-E2D666158CAE}.SingleImage|Win32.ActiveCfg = Debug|Any CPU
		{C398A416-8FFA-4877-9DAD-E2D666158CAE}.SingleImage|x64.ActiveCfg = Release|Any CPU
		{C398A416-8FFA-4877-9DAD-E2D666158CAE}.SingleImage|x86.ActiveCfg = Release|Any CPU
		{1C31C0C2-2B5C-4E43-AF9B-11AEE31671EF}.CD_ROM|Any CPU.ActiveCfg = Release|Any CPU
		{1C31C0C2-2B5C-4E43-AF9B-11AEE31671EF}.CD_ROM|Any CPU.Build.0 = Release|Any CPU
		{1C31C0C2-2B5C-4E43-AF9B-11AEE31671EF}.CD_ROM|Mixed Platforms.ActiveCfg = Release|Any CPU
		{1C31C0C2-2B5C-4E43-AF9B-11AEE31671EF}.CD_ROM|Mixed Platforms.Build.0 = Release|Any CPU
		{1C31C0C2-2B5C-4E43-AF9B-11AEE31671EF}.CD_ROM|Win32.ActiveCfg = Debug|Any CPU
		{1C31C0C2-2B5C-4E43-AF9B-11AEE31671EF}.CD_ROM|x64.ActiveCfg = Release|Any CPU
		{1C31C0C2-2B5C-4E43-AF9B-11AEE31671EF}.CD_ROM|x86.ActiveCfg = Release|Any CPU
		{1C31C0C2-2B5C-4E43-AF9B-11AEE31671EF}.Debug|Any CPU.ActiveCfg = Debug|Any CPU
		{1C31C0C2-2B5C-4E43-AF9B-11AEE31671EF}.Debug|Any CPU.Build.0 = Debug|Any CPU
		{1C31C0C2-2B5C-4E43-AF9B-11AEE31671EF}.Debug|Mixed Platforms.ActiveCfg = Debug|Any CPU
		{1C31C0C2-2B5C-4E43-AF9B-11AEE31671EF}.Debug|Mixed Platforms.Build.0 = Debug|Any CPU
		{1C31C0C2-2B5C-4E43-AF9B-11AEE31671EF}.Debug|Win32.ActiveCfg = Debug|Any CPU
		{1C31C0C2-2B5C-4E43-AF9B-11AEE31671EF}.Debug|x64.ActiveCfg = Debug|Any CPU
		{1C31C0C2-2B5C-4E43-AF9B-11AEE31671EF}.Debug|x86.ActiveCfg = Debug|Any CPU
		{1C31C0C2-2B5C-4E43-AF9B-11AEE31671EF}.Debug|x86.Build.0 = Debug|Any CPU
		{1C31C0C2-2B5C-4E43-AF9B-11AEE31671EF}.DVD-5|Any CPU.ActiveCfg = Debug|Any CPU
		{1C31C0C2-2B5C-4E43-AF9B-11AEE31671EF}.DVD-5|Any CPU.Build.0 = Debug|Any CPU
		{1C31C0C2-2B5C-4E43-AF9B-11AEE31671EF}.DVD-5|Mixed Platforms.ActiveCfg = Debug|Any CPU
		{1C31C0C2-2B5C-4E43-AF9B-11AEE31671EF}.DVD-5|Mixed Platforms.Build.0 = Debug|Any CPU
		{1C31C0C2-2B5C-4E43-AF9B-11AEE31671EF}.DVD-5|Win32.ActiveCfg = Debug|Any CPU
		{1C31C0C2-2B5C-4E43-AF9B-11AEE31671EF}.DVD-5|x64.ActiveCfg = Debug|Any CPU
		{1C31C0C2-2B5C-4E43-AF9B-11AEE31671EF}.DVD-5|x86.ActiveCfg = Debug|Any CPU
		{1C31C0C2-2B5C-4E43-AF9B-11AEE31671EF}.Release|Any CPU.ActiveCfg = Release|Any CPU
		{1C31C0C2-2B5C-4E43-AF9B-11AEE31671EF}.Release|Any CPU.Build.0 = Release|Any CPU
		{1C31C0C2-2B5C-4E43-AF9B-11AEE31671EF}.Release|Mixed Platforms.ActiveCfg = Release|Any CPU
		{1C31C0C2-2B5C-4E43-AF9B-11AEE31671EF}.Release|Mixed Platforms.Build.0 = Release|Any CPU
		{1C31C0C2-2B5C-4E43-AF9B-11AEE31671EF}.Release|Win32.ActiveCfg = Release|Any CPU
		{1C31C0C2-2B5C-4E43-AF9B-11AEE31671EF}.Release|x64.ActiveCfg = Release|Any CPU
		{1C31C0C2-2B5C-4E43-AF9B-11AEE31671EF}.Release|x86.ActiveCfg = Release|Any CPU
		{1C31C0C2-2B5C-4E43-AF9B-11AEE31671EF}.SingleImage|Any CPU.ActiveCfg = Release|Any CPU
		{1C31C0C2-2B5C-4E43-AF9B-11AEE31671EF}.SingleImage|Any CPU.Build.0 = Release|Any CPU
		{1C31C0C2-2B5C-4E43-AF9B-11AEE31671EF}.SingleImage|Mixed Platforms.ActiveCfg = Release|Any CPU
		{1C31C0C2-2B5C-4E43-AF9B-11AEE31671EF}.SingleImage|Mixed Platforms.Build.0 = Release|Any CPU
		{1C31C0C2-2B5C-4E43-AF9B-11AEE31671EF}.SingleImage|Win32.ActiveCfg = Debug|Any CPU
		{1C31C0C2-2B5C-4E43-AF9B-11AEE31671EF}.SingleImage|x64.ActiveCfg = Release|Any CPU
		{1C31C0C2-2B5C-4E43-AF9B-11AEE31671EF}.SingleImage|x86.ActiveCfg = Release|Any CPU
		{E6272032-6642-4948-9C08-7100C5509EE7}.CD_ROM|Any CPU.ActiveCfg = Release|Any CPU
		{E6272032-6642-4948-9C08-7100C5509EE7}.CD_ROM|Any CPU.Build.0 = Release|Any CPU
		{E6272032-6642-4948-9C08-7100C5509EE7}.CD_ROM|Mixed Platforms.ActiveCfg = Release|Any CPU
		{E6272032-6642-4948-9C08-7100C5509EE7}.CD_ROM|Mixed Platforms.Build.0 = Release|Any CPU
		{E6272032-6642-4948-9C08-7100C5509EE7}.CD_ROM|Win32.ActiveCfg = Release|Any CPU
		{E6272032-6642-4948-9C08-7100C5509EE7}.CD_ROM|x64.ActiveCfg = Release|Any CPU
		{E6272032-6642-4948-9C08-7100C5509EE7}.CD_ROM|x86.ActiveCfg = Release|Any CPU
		{E6272032-6642-4948-9C08-7100C5509EE7}.Debug|Any CPU.ActiveCfg = Debug|Any CPU
		{E6272032-6642-4948-9C08-7100C5509EE7}.Debug|Any CPU.Build.0 = Debug|Any CPU
		{E6272032-6642-4948-9C08-7100C5509EE7}.Debug|Mixed Platforms.ActiveCfg = Debug|Any CPU
		{E6272032-6642-4948-9C08-7100C5509EE7}.Debug|Mixed Platforms.Build.0 = Debug|Any CPU
		{E6272032-6642-4948-9C08-7100C5509EE7}.Debug|Win32.ActiveCfg = Debug|Any CPU
		{E6272032-6642-4948-9C08-7100C5509EE7}.Debug|x64.ActiveCfg = Debug|Any CPU
		{E6272032-6642-4948-9C08-7100C5509EE7}.Debug|x86.ActiveCfg = Debug|Any CPU
		{E6272032-6642-4948-9C08-7100C5509EE7}.DVD-5|Any CPU.ActiveCfg = Debug|Any CPU
		{E6272032-6642-4948-9C08-7100C5509EE7}.DVD-5|Any CPU.Build.0 = Debug|Any CPU
		{E6272032-6642-4948-9C08-7100C5509EE7}.DVD-5|Mixed Platforms.ActiveCfg = Debug|Any CPU
		{E6272032-6642-4948-9C08-7100C5509EE7}.DVD-5|Mixed Platforms.Build.0 = Debug|Any CPU
		{E6272032-6642-4948-9C08-7100C5509EE7}.DVD-5|Win32.ActiveCfg = Debug|Any CPU
		{E6272032-6642-4948-9C08-7100C5509EE7}.DVD-5|x64.ActiveCfg = Debug|Any CPU
		{E6272032-6642-4948-9C08-7100C5509EE7}.DVD-5|x86.ActiveCfg = Debug|Any CPU
		{E6272032-6642-4948-9C08-7100C5509EE7}.Release|Any CPU.ActiveCfg = Release|Any CPU
		{E6272032-6642-4948-9C08-7100C5509EE7}.Release|Any CPU.Build.0 = Release|Any CPU
		{E6272032-6642-4948-9C08-7100C5509EE7}.Release|Mixed Platforms.ActiveCfg = Release|Any CPU
		{E6272032-6642-4948-9C08-7100C5509EE7}.Release|Mixed Platforms.Build.0 = Release|Any CPU
		{E6272032-6642-4948-9C08-7100C5509EE7}.Release|Win32.ActiveCfg = Release|Any CPU
		{E6272032-6642-4948-9C08-7100C5509EE7}.Release|x64.ActiveCfg = Release|Any CPU
		{E6272032-6642-4948-9C08-7100C5509EE7}.Release|x86.ActiveCfg = Release|Any CPU
		{E6272032-6642-4948-9C08-7100C5509EE7}.SingleImage|Any CPU.ActiveCfg = Release|Any CPU
		{E6272032-6642-4948-9C08-7100C5509EE7}.SingleImage|Any CPU.Build.0 = Release|Any CPU
		{E6272032-6642-4948-9C08-7100C5509EE7}.SingleImage|Mixed Platforms.ActiveCfg = Release|Any CPU
		{E6272032-6642-4948-9C08-7100C5509EE7}.SingleImage|Mixed Platforms.Build.0 = Release|Any CPU
		{E6272032-6642-4948-9C08-7100C5509EE7}.SingleImage|Win32.ActiveCfg = Release|Any CPU
		{E6272032-6642-4948-9C08-7100C5509EE7}.SingleImage|x64.ActiveCfg = Release|Any CPU
		{E6272032-6642-4948-9C08-7100C5509EE7}.SingleImage|x86.ActiveCfg = Release|Any CPU
		{42AB8456-1C8C-4FA2-A007-C7745A251005}.CD_ROM|Any CPU.ActiveCfg = Release|Any CPU
		{42AB8456-1C8C-4FA2-A007-C7745A251005}.CD_ROM|Any CPU.Build.0 = Release|Any CPU
		{42AB8456-1C8C-4FA2-A007-C7745A251005}.CD_ROM|Mixed Platforms.ActiveCfg = Release|Any CPU
		{42AB8456-1C8C-4FA2-A007-C7745A251005}.CD_ROM|Mixed Platforms.Build.0 = Release|Any CPU
		{42AB8456-1C8C-4FA2-A007-C7745A251005}.CD_ROM|Win32.ActiveCfg = Release|Any CPU
		{42AB8456-1C8C-4FA2-A007-C7745A251005}.CD_ROM|x64.ActiveCfg = Release|Any CPU
		{42AB8456-1C8C-4FA2-A007-C7745A251005}.CD_ROM|x86.ActiveCfg = Release|Any CPU
		{42AB8456-1C8C-4FA2-A007-C7745A251005}.Debug|Any CPU.ActiveCfg = Debug|Any CPU
		{42AB8456-1C8C-4FA2-A007-C7745A251005}.Debug|Any CPU.Build.0 = Debug|Any CPU
		{42AB8456-1C8C-4FA2-A007-C7745A251005}.Debug|Mixed Platforms.ActiveCfg = Debug|Any CPU
		{42AB8456-1C8C-4FA2-A007-C7745A251005}.Debug|Mixed Platforms.Build.0 = Debug|Any CPU
		{42AB8456-1C8C-4FA2-A007-C7745A251005}.Debug|Win32.ActiveCfg = Debug|Any CPU
		{42AB8456-1C8C-4FA2-A007-C7745A251005}.Debug|x64.ActiveCfg = Debug|Any CPU
		{42AB8456-1C8C-4FA2-A007-C7745A251005}.Debug|x86.ActiveCfg = Debug|Any CPU
		{42AB8456-1C8C-4FA2-A007-C7745A251005}.DVD-5|Any CPU.ActiveCfg = Debug|Any CPU
		{42AB8456-1C8C-4FA2-A007-C7745A251005}.DVD-5|Any CPU.Build.0 = Debug|Any CPU
		{42AB8456-1C8C-4FA2-A007-C7745A251005}.DVD-5|Mixed Platforms.ActiveCfg = Debug|Any CPU
		{42AB8456-1C8C-4FA2-A007-C7745A251005}.DVD-5|Mixed Platforms.Build.0 = Debug|Any CPU
		{42AB8456-1C8C-4FA2-A007-C7745A251005}.DVD-5|Win32.ActiveCfg = Debug|Any CPU
		{42AB8456-1C8C-4FA2-A007-C7745A251005}.DVD-5|x64.ActiveCfg = Debug|Any CPU
		{42AB8456-1C8C-4FA2-A007-C7745A251005}.DVD-5|x86.ActiveCfg = Debug|Any CPU
		{42AB8456-1C8C-4FA2-A007-C7745A251005}.Release|Any CPU.ActiveCfg = Release|Any CPU
		{42AB8456-1C8C-4FA2-A007-C7745A251005}.Release|Any CPU.Build.0 = Release|Any CPU
		{42AB8456-1C8C-4FA2-A007-C7745A251005}.Release|Mixed Platforms.ActiveCfg = Release|Any CPU
		{42AB8456-1C8C-4FA2-A007-C7745A251005}.Release|Mixed Platforms.Build.0 = Release|Any CPU
		{42AB8456-1C8C-4FA2-A007-C7745A251005}.Release|Win32.ActiveCfg = Release|Any CPU
		{42AB8456-1C8C-4FA2-A007-C7745A251005}.Release|x64.ActiveCfg = Release|Any CPU
		{42AB8456-1C8C-4FA2-A007-C7745A251005}.Release|x86.ActiveCfg = Release|Any CPU
		{42AB8456-1C8C-4FA2-A007-C7745A251005}.SingleImage|Any CPU.ActiveCfg = Release|Any CPU
		{42AB8456-1C8C-4FA2-A007-C7745A251005}.SingleImage|Any CPU.Build.0 = Release|Any CPU
		{42AB8456-1C8C-4FA2-A007-C7745A251005}.SingleImage|Mixed Platforms.ActiveCfg = Release|Any CPU
		{42AB8456-1C8C-4FA2-A007-C7745A251005}.SingleImage|Mixed Platforms.Build.0 = Release|Any CPU
		{42AB8456-1C8C-4FA2-A007-C7745A251005}.SingleImage|Win32.ActiveCfg = Release|Any CPU
		{42AB8456-1C8C-4FA2-A007-C7745A251005}.SingleImage|x64.ActiveCfg = Release|Any CPU
		{42AB8456-1C8C-4FA2-A007-C7745A251005}.SingleImage|x86.ActiveCfg = Release|Any CPU
		{064064AA-F167-4BF7-A83A-1E82E68895EE}.CD_ROM|Any CPU.ActiveCfg = Release|Any CPU
		{064064AA-F167-4BF7-A83A-1E82E68895EE}.CD_ROM|Any CPU.Build.0 = Release|Any CPU
		{064064AA-F167-4BF7-A83A-1E82E68895EE}.CD_ROM|Mixed Platforms.ActiveCfg = Release|Any CPU
		{064064AA-F167-4BF7-A83A-1E82E68895EE}.CD_ROM|Mixed Platforms.Build.0 = Release|Any CPU
		{064064AA-F167-4BF7-A83A-1E82E68895EE}.CD_ROM|Win32.ActiveCfg = Release|Any CPU
		{064064AA-F167-4BF7-A83A-1E82E68895EE}.CD_ROM|x64.ActiveCfg = Release|Any CPU
		{064064AA-F167-4BF7-A83A-1E82E68895EE}.CD_ROM|x86.ActiveCfg = Release|Any CPU
		{064064AA-F167-4BF7-A83A-1E82E68895EE}.Debug|Any CPU.ActiveCfg = Debug|Any CPU
		{064064AA-F167-4BF7-A83A-1E82E68895EE}.Debug|Any CPU.Build.0 = Debug|Any CPU
		{064064AA-F167-4BF7-A83A-1E82E68895EE}.Debug|Mixed Platforms.ActiveCfg = Debug|Any CPU
		{064064AA-F167-4BF7-A83A-1E82E68895EE}.Debug|Mixed Platforms.Build.0 = Debug|Any CPU
		{064064AA-F167-4BF7-A83A-1E82E68895EE}.Debug|Win32.ActiveCfg = Debug|Any CPU
		{064064AA-F167-4BF7-A83A-1E82E68895EE}.Debug|x64.ActiveCfg = Debug|Any CPU
		{064064AA-F167-4BF7-A83A-1E82E68895EE}.Debug|x86.ActiveCfg = Debug|Any CPU
		{064064AA-F167-4BF7-A83A-1E82E68895EE}.DVD-5|Any CPU.ActiveCfg = Debug|Any CPU
		{064064AA-F167-4BF7-A83A-1E82E68895EE}.DVD-5|Any CPU.Build.0 = Debug|Any CPU
		{064064AA-F167-4BF7-A83A-1E82E68895EE}.DVD-5|Mixed Platforms.ActiveCfg = Debug|Any CPU
		{064064AA-F167-4BF7-A83A-1E82E68895EE}.DVD-5|Mixed Platforms.Build.0 = Debug|Any CPU
		{064064AA-F167-4BF7-A83A-1E82E68895EE}.DVD-5|Win32.ActiveCfg = Debug|Any CPU
		{064064AA-F167-4BF7-A83A-1E82E68895EE}.DVD-5|x64.ActiveCfg = Debug|Any CPU
		{064064AA-F167-4BF7-A83A-1E82E68895EE}.DVD-5|x86.ActiveCfg = Debug|Any CPU
		{064064AA-F167-4BF7-A83A-1E82E68895EE}.Release|Any CPU.ActiveCfg = Release|Any CPU
		{064064AA-F167-4BF7-A83A-1E82E68895EE}.Release|Any CPU.Build.0 = Release|Any CPU
		{064064AA-F167-4BF7-A83A-1E82E68895EE}.Release|Mixed Platforms.ActiveCfg = Release|Any CPU
		{064064AA-F167-4BF7-A83A-1E82E68895EE}.Release|Mixed Platforms.Build.0 = Release|Any CPU
		{064064AA-F167-4BF7-A83A-1E82E68895EE}.Release|Win32.ActiveCfg = Release|Any CPU
		{064064AA-F167-4BF7-A83A-1E82E68895EE}.Release|x64.ActiveCfg = Release|Any CPU
		{064064AA-F167-4BF7-A83A-1E82E68895EE}.Release|x86.ActiveCfg = Release|Any CPU
		{064064AA-F167-4BF7-A83A-1E82E68895EE}.SingleImage|Any CPU.ActiveCfg = Release|Any CPU
		{064064AA-F167-4BF7-A83A-1E82E68895EE}.SingleImage|Any CPU.Build.0 = Release|Any CPU
		{064064AA-F167-4BF7-A83A-1E82E68895EE}.SingleImage|Mixed Platforms.ActiveCfg = Release|Any CPU
		{064064AA-F167-4BF7-A83A-1E82E68895EE}.SingleImage|Mixed Platforms.Build.0 = Release|Any CPU
		{064064AA-F167-4BF7-A83A-1E82E68895EE}.SingleImage|Win32.ActiveCfg = Release|Any CPU
		{064064AA-F167-4BF7-A83A-1E82E68895EE}.SingleImage|x64.ActiveCfg = Release|Any CPU
		{064064AA-F167-4BF7-A83A-1E82E68895EE}.SingleImage|x86.ActiveCfg = Release|Any CPU
		{CDF05B30-2AD0-4D06-8117-695FEA067964}.CD_ROM|Any CPU.ActiveCfg = Release|Any CPU
		{CDF05B30-2AD0-4D06-8117-695FEA067964}.CD_ROM|Any CPU.Build.0 = Release|Any CPU
		{CDF05B30-2AD0-4D06-8117-695FEA067964}.CD_ROM|Mixed Platforms.ActiveCfg = Release|Any CPU
		{CDF05B30-2AD0-4D06-8117-695FEA067964}.CD_ROM|Mixed Platforms.Build.0 = Release|Any CPU
		{CDF05B30-2AD0-4D06-8117-695FEA067964}.CD_ROM|Win32.ActiveCfg = Release|Any CPU
		{CDF05B30-2AD0-4D06-8117-695FEA067964}.CD_ROM|x64.ActiveCfg = Release|Any CPU
		{CDF05B30-2AD0-4D06-8117-695FEA067964}.CD_ROM|x86.ActiveCfg = Release|Any CPU
		{CDF05B30-2AD0-4D06-8117-695FEA067964}.Debug|Any CPU.ActiveCfg = Debug|Any CPU
		{CDF05B30-2AD0-4D06-8117-695FEA067964}.Debug|Any CPU.Build.0 = Debug|Any CPU
		{CDF05B30-2AD0-4D06-8117-695FEA067964}.Debug|Mixed Platforms.ActiveCfg = Debug|Any CPU
		{CDF05B30-2AD0-4D06-8117-695FEA067964}.Debug|Mixed Platforms.Build.0 = Debug|Any CPU
		{CDF05B30-2AD0-4D06-8117-695FEA067964}.Debug|Win32.ActiveCfg = Debug|Any CPU
		{CDF05B30-2AD0-4D06-8117-695FEA067964}.Debug|x64.ActiveCfg = Debug|Any CPU
		{CDF05B30-2AD0-4D06-8117-695FEA067964}.Debug|x86.ActiveCfg = Debug|Any CPU
		{CDF05B30-2AD0-4D06-8117-695FEA067964}.DVD-5|Any CPU.ActiveCfg = Debug|Any CPU
		{CDF05B30-2AD0-4D06-8117-695FEA067964}.DVD-5|Any CPU.Build.0 = Debug|Any CPU
		{CDF05B30-2AD0-4D06-8117-695FEA067964}.DVD-5|Mixed Platforms.ActiveCfg = Debug|Any CPU
		{CDF05B30-2AD0-4D06-8117-695FEA067964}.DVD-5|Mixed Platforms.Build.0 = Debug|Any CPU
		{CDF05B30-2AD0-4D06-8117-695FEA067964}.DVD-5|Win32.ActiveCfg = Debug|Any CPU
		{CDF05B30-2AD0-4D06-8117-695FEA067964}.DVD-5|x64.ActiveCfg = Debug|Any CPU
		{CDF05B30-2AD0-4D06-8117-695FEA067964}.DVD-5|x86.ActiveCfg = Debug|Any CPU
		{CDF05B30-2AD0-4D06-8117-695FEA067964}.Release|Any CPU.ActiveCfg = Release|Any CPU
		{CDF05B30-2AD0-4D06-8117-695FEA067964}.Release|Any CPU.Build.0 = Release|Any CPU
		{CDF05B30-2AD0-4D06-8117-695FEA067964}.Release|Mixed Platforms.ActiveCfg = Release|Any CPU
		{CDF05B30-2AD0-4D06-8117-695FEA067964}.Release|Mixed Platforms.Build.0 = Release|Any CPU
		{CDF05B30-2AD0-4D06-8117-695FEA067964}.Release|Win32.ActiveCfg = Release|Any CPU
		{CDF05B30-2AD0-4D06-8117-695FEA067964}.Release|x64.ActiveCfg = Release|Any CPU
		{CDF05B30-2AD0-4D06-8117-695FEA067964}.Release|x86.ActiveCfg = Release|Any CPU
		{CDF05B30-2AD0-4D06-8117-695FEA067964}.SingleImage|Any CPU.ActiveCfg = Release|Any CPU
		{CDF05B30-2AD0-4D06-8117-695FEA067964}.SingleImage|Any CPU.Build.0 = Release|Any CPU
		{CDF05B30-2AD0-4D06-8117-695FEA067964}.SingleImage|Mixed Platforms.ActiveCfg = Release|Any CPU
		{CDF05B30-2AD0-4D06-8117-695FEA067964}.SingleImage|Mixed Platforms.Build.0 = Release|Any CPU
		{CDF05B30-2AD0-4D06-8117-695FEA067964}.SingleImage|Win32.ActiveCfg = Release|Any CPU
		{CDF05B30-2AD0-4D06-8117-695FEA067964}.SingleImage|x64.ActiveCfg = Release|Any CPU
		{CDF05B30-2AD0-4D06-8117-695FEA067964}.SingleImage|x86.ActiveCfg = Release|Any CPU
		{17CB7B04-37A2-4178-B706-71ECBA52F772}.CD_ROM|Any CPU.ActiveCfg = Debug|Any CPU
		{17CB7B04-37A2-4178-B706-71ECBA52F772}.CD_ROM|Any CPU.Build.0 = Debug|Any CPU
		{17CB7B04-37A2-4178-B706-71ECBA52F772}.CD_ROM|Mixed Platforms.ActiveCfg = Debug|Any CPU
		{17CB7B04-37A2-4178-B706-71ECBA52F772}.CD_ROM|Mixed Platforms.Build.0 = Debug|Any CPU
		{17CB7B04-37A2-4178-B706-71ECBA52F772}.CD_ROM|Win32.ActiveCfg = Debug|Any CPU
		{17CB7B04-37A2-4178-B706-71ECBA52F772}.CD_ROM|Win32.Build.0 = Debug|Any CPU
		{17CB7B04-37A2-4178-B706-71ECBA52F772}.CD_ROM|x64.ActiveCfg = Debug|Any CPU
		{17CB7B04-37A2-4178-B706-71ECBA52F772}.CD_ROM|x64.Build.0 = Debug|Any CPU
		{17CB7B04-37A2-4178-B706-71ECBA52F772}.CD_ROM|x86.ActiveCfg = Debug|Any CPU
		{17CB7B04-37A2-4178-B706-71ECBA52F772}.CD_ROM|x86.Build.0 = Debug|Any CPU
		{17CB7B04-37A2-4178-B706-71ECBA52F772}.Debug|Any CPU.ActiveCfg = Debug|Any CPU
		{17CB7B04-37A2-4178-B706-71ECBA52F772}.Debug|Any CPU.Build.0 = Debug|Any CPU
		{17CB7B04-37A2-4178-B706-71ECBA52F772}.Debug|Mixed Platforms.ActiveCfg = Debug|Any CPU
		{17CB7B04-37A2-4178-B706-71ECBA52F772}.Debug|Mixed Platforms.Build.0 = Debug|Any CPU
		{17CB7B04-37A2-4178-B706-71ECBA52F772}.Debug|Win32.ActiveCfg = Debug|Any CPU
		{17CB7B04-37A2-4178-B706-71ECBA52F772}.Debug|Win32.Build.0 = Debug|Any CPU
		{17CB7B04-37A2-4178-B706-71ECBA52F772}.Debug|x64.ActiveCfg = Debug|Any CPU
		{17CB7B04-37A2-4178-B706-71ECBA52F772}.Debug|x64.Build.0 = Debug|Any CPU
		{17CB7B04-37A2-4178-B706-71ECBA52F772}.Debug|x86.ActiveCfg = Debug|Any CPU
		{17CB7B04-37A2-4178-B706-71ECBA52F772}.Debug|x86.Build.0 = Debug|Any CPU
		{17CB7B04-37A2-4178-B706-71ECBA52F772}.DVD-5|Any CPU.ActiveCfg = Debug|Any CPU
		{17CB7B04-37A2-4178-B706-71ECBA52F772}.DVD-5|Any CPU.Build.0 = Debug|Any CPU
		{17CB7B04-37A2-4178-B706-71ECBA52F772}.DVD-5|Mixed Platforms.ActiveCfg = Debug|Any CPU
		{17CB7B04-37A2-4178-B706-71ECBA52F772}.DVD-5|Mixed Platforms.Build.0 = Debug|Any CPU
		{17CB7B04-37A2-4178-B706-71ECBA52F772}.DVD-5|Win32.ActiveCfg = Debug|Any CPU
		{17CB7B04-37A2-4178-B706-71ECBA52F772}.DVD-5|Win32.Build.0 = Debug|Any CPU
		{17CB7B04-37A2-4178-B706-71ECBA52F772}.DVD-5|x64.ActiveCfg = Debug|Any CPU
		{17CB7B04-37A2-4178-B706-71ECBA52F772}.DVD-5|x64.Build.0 = Debug|Any CPU
		{17CB7B04-37A2-4178-B706-71ECBA52F772}.DVD-5|x86.ActiveCfg = Debug|Any CPU
		{17CB7B04-37A2-4178-B706-71ECBA52F772}.DVD-5|x86.Build.0 = Debug|Any CPU
		{17CB7B04-37A2-4178-B706-71ECBA52F772}.Release|Any CPU.ActiveCfg = Release|Any CPU
		{17CB7B04-37A2-4178-B706-71ECBA52F772}.Release|Any CPU.Build.0 = Release|Any CPU
		{17CB7B04-37A2-4178-B706-71ECBA52F772}.Release|Mixed Platforms.ActiveCfg = Release|Any CPU
		{17CB7B04-37A2-4178-B706-71ECBA52F772}.Release|Mixed Platforms.Build.0 = Release|Any CPU
		{17CB7B04-37A2-4178-B706-71ECBA52F772}.Release|Win32.ActiveCfg = Release|Any CPU
		{17CB7B04-37A2-4178-B706-71ECBA52F772}.Release|Win32.Build.0 = Release|Any CPU
		{17CB7B04-37A2-4178-B706-71ECBA52F772}.Release|x64.ActiveCfg = Release|Any CPU
		{17CB7B04-37A2-4178-B706-71ECBA52F772}.Release|x64.Build.0 = Release|Any CPU
		{17CB7B04-37A2-4178-B706-71ECBA52F772}.Release|x86.ActiveCfg = Release|Any CPU
		{17CB7B04-37A2-4178-B706-71ECBA52F772}.Release|x86.Build.0 = Release|Any CPU
		{17CB7B04-37A2-4178-B706-71ECBA52F772}.SingleImage|Any CPU.ActiveCfg = Debug|Any CPU
		{17CB7B04-37A2-4178-B706-71ECBA52F772}.SingleImage|Any CPU.Build.0 = Debug|Any CPU
		{17CB7B04-37A2-4178-B706-71ECBA52F772}.SingleImage|Mixed Platforms.ActiveCfg = Debug|Any CPU
		{17CB7B04-37A2-4178-B706-71ECBA52F772}.SingleImage|Mixed Platforms.Build.0 = Debug|Any CPU
		{17CB7B04-37A2-4178-B706-71ECBA52F772}.SingleImage|Win32.ActiveCfg = Debug|Any CPU
		{17CB7B04-37A2-4178-B706-71ECBA52F772}.SingleImage|Win32.Build.0 = Debug|Any CPU
		{17CB7B04-37A2-4178-B706-71ECBA52F772}.SingleImage|x64.ActiveCfg = Debug|Any CPU
		{17CB7B04-37A2-4178-B706-71ECBA52F772}.SingleImage|x64.Build.0 = Debug|Any CPU
		{17CB7B04-37A2-4178-B706-71ECBA52F772}.SingleImage|x86.ActiveCfg = Debug|Any CPU
		{17CB7B04-37A2-4178-B706-71ECBA52F772}.SingleImage|x86.Build.0 = Debug|Any CPU
		{58AB962F-7D38-4BFD-8785-4483567EA363}.CD_ROM|Any CPU.ActiveCfg = Debug|Any CPU
		{58AB962F-7D38-4BFD-8785-4483567EA363}.CD_ROM|Any CPU.Build.0 = Debug|Any CPU
		{58AB962F-7D38-4BFD-8785-4483567EA363}.CD_ROM|Mixed Platforms.ActiveCfg = Debug|Any CPU
		{58AB962F-7D38-4BFD-8785-4483567EA363}.CD_ROM|Mixed Platforms.Build.0 = Debug|Any CPU
		{58AB962F-7D38-4BFD-8785-4483567EA363}.CD_ROM|Win32.ActiveCfg = Debug|Any CPU
		{58AB962F-7D38-4BFD-8785-4483567EA363}.CD_ROM|Win32.Build.0 = Debug|Any CPU
		{58AB962F-7D38-4BFD-8785-4483567EA363}.CD_ROM|x64.ActiveCfg = Debug|Any CPU
		{58AB962F-7D38-4BFD-8785-4483567EA363}.CD_ROM|x64.Build.0 = Debug|Any CPU
		{58AB962F-7D38-4BFD-8785-4483567EA363}.CD_ROM|x86.ActiveCfg = Debug|Any CPU
		{58AB962F-7D38-4BFD-8785-4483567EA363}.CD_ROM|x86.Build.0 = Debug|Any CPU
		{58AB962F-7D38-4BFD-8785-4483567EA363}.Debug|Any CPU.ActiveCfg = Debug|Any CPU
		{58AB962F-7D38-4BFD-8785-4483567EA363}.Debug|Any CPU.Build.0 = Debug|Any CPU
		{58AB962F-7D38-4BFD-8785-4483567EA363}.Debug|Mixed Platforms.ActiveCfg = Debug|Any CPU
		{58AB962F-7D38-4BFD-8785-4483567EA363}.Debug|Mixed Platforms.Build.0 = Debug|Any CPU
		{58AB962F-7D38-4BFD-8785-4483567EA363}.Debug|Win32.ActiveCfg = Debug|Any CPU
		{58AB962F-7D38-4BFD-8785-4483567EA363}.Debug|Win32.Build.0 = Debug|Any CPU
		{58AB962F-7D38-4BFD-8785-4483567EA363}.Debug|x64.ActiveCfg = Debug|Any CPU
		{58AB962F-7D38-4BFD-8785-4483567EA363}.Debug|x64.Build.0 = Debug|Any CPU
		{58AB962F-7D38-4BFD-8785-4483567EA363}.Debug|x86.ActiveCfg = Debug|Any CPU
		{58AB962F-7D38-4BFD-8785-4483567EA363}.Debug|x86.Build.0 = Debug|Any CPU
		{58AB962F-7D38-4BFD-8785-4483567EA363}.DVD-5|Any CPU.ActiveCfg = Debug|Any CPU
		{58AB962F-7D38-4BFD-8785-4483567EA363}.DVD-5|Any CPU.Build.0 = Debug|Any CPU
		{58AB962F-7D38-4BFD-8785-4483567EA363}.DVD-5|Mixed Platforms.ActiveCfg = Debug|Any CPU
		{58AB962F-7D38-4BFD-8785-4483567EA363}.DVD-5|Mixed Platforms.Build.0 = Debug|Any CPU
		{58AB962F-7D38-4BFD-8785-4483567EA363}.DVD-5|Win32.ActiveCfg = Debug|Any CPU
		{58AB962F-7D38-4BFD-8785-4483567EA363}.DVD-5|Win32.Build.0 = Debug|Any CPU
		{58AB962F-7D38-4BFD-8785-4483567EA363}.DVD-5|x64.ActiveCfg = Debug|Any CPU
		{58AB962F-7D38-4BFD-8785-4483567EA363}.DVD-5|x64.Build.0 = Debug|Any CPU
		{58AB962F-7D38-4BFD-8785-4483567EA363}.DVD-5|x86.ActiveCfg = Debug|Any CPU
		{58AB962F-7D38-4BFD-8785-4483567EA363}.DVD-5|x86.Build.0 = Debug|Any CPU
		{58AB962F-7D38-4BFD-8785-4483567EA363}.Release|Any CPU.ActiveCfg = Release|Any CPU
		{58AB962F-7D38-4BFD-8785-4483567EA363}.Release|Any CPU.Build.0 = Release|Any CPU
		{58AB962F-7D38-4BFD-8785-4483567EA363}.Release|Mixed Platforms.ActiveCfg = Release|Any CPU
		{58AB962F-7D38-4BFD-8785-4483567EA363}.Release|Mixed Platforms.Build.0 = Release|Any CPU
		{58AB962F-7D38-4BFD-8785-4483567EA363}.Release|Win32.ActiveCfg = Release|Any CPU
		{58AB962F-7D38-4BFD-8785-4483567EA363}.Release|Win32.Build.0 = Release|Any CPU
		{58AB962F-7D38-4BFD-8785-4483567EA363}.Release|x64.ActiveCfg = Release|Any CPU
		{58AB962F-7D38-4BFD-8785-4483567EA363}.Release|x64.Build.0 = Release|Any CPU
		{58AB962F-7D38-4BFD-8785-4483567EA363}.Release|x86.ActiveCfg = Release|Any CPU
		{58AB962F-7D38-4BFD-8785-4483567EA363}.Release|x86.Build.0 = Release|Any CPU
		{58AB962F-7D38-4BFD-8785-4483567EA363}.SingleImage|Any CPU.ActiveCfg = Debug|Any CPU
		{58AB962F-7D38-4BFD-8785-4483567EA363}.SingleImage|Any CPU.Build.0 = Debug|Any CPU
		{58AB962F-7D38-4BFD-8785-4483567EA363}.SingleImage|Mixed Platforms.ActiveCfg = Debug|Any CPU
		{58AB962F-7D38-4BFD-8785-4483567EA363}.SingleImage|Mixed Platforms.Build.0 = Debug|Any CPU
		{58AB962F-7D38-4BFD-8785-4483567EA363}.SingleImage|Win32.ActiveCfg = Debug|Any CPU
		{58AB962F-7D38-4BFD-8785-4483567EA363}.SingleImage|Win32.Build.0 = Debug|Any CPU
		{58AB962F-7D38-4BFD-8785-4483567EA363}.SingleImage|x64.ActiveCfg = Debug|Any CPU
		{58AB962F-7D38-4BFD-8785-4483567EA363}.SingleImage|x64.Build.0 = Debug|Any CPU
		{58AB962F-7D38-4BFD-8785-4483567EA363}.SingleImage|x86.ActiveCfg = Debug|Any CPU
		{58AB962F-7D38-4BFD-8785-4483567EA363}.SingleImage|x86.Build.0 = Debug|Any CPU
	EndGlobalSection
	GlobalSection(SolutionProperties) = preSolution
		HideSolutionNode = FALSE
	EndGlobalSection
	GlobalSection(ExtensibilityGlobals) = postSolution
		SolutionGuid = {07BB12D7-22A9-4634-B327-30C5BEDA14EA}
	EndGlobalSection
	GlobalSection(TestCaseManagementSettings) = postSolution
		CategoryFile = PcgTools.vsmdi
	EndGlobalSection
EndGlobal
